
Microsoft Visual Studio Solution File, Format Version 12.00
# Visual Studio Version 16
VisualStudioVersion = 16.0.28822.285
MinimumVisualStudioVersion = 10.0.40219.1
Project("{8BC9CEB8-8B4A-11D0-8D11-00A0C91BC942}") = "beakjoon10989", "beakjoon10989.vcxproj", "{5C303429-F41E-4DC6-A8E4-851160C6143B}"
EndProject
Global
	GlobalSection(SolutionConfigurationPlatforms) = preSolution
		Debug|x64 = Debug|x64
		Debug|x86 = Debug|x86
		Release|x64 = Release|x64
		Release|x86 = Release|x86
	EndGlobalSection
	GlobalSection(ProjectConfigurationPlatforms) = postSolution
		{5C303429-F41E-4DC6-A8E4-851160C6143B}.Debug|x64.ActiveCfg = Debug|x64
		{5C303429-F41E-4DC6-A8E4-851160C6143B}.Debug|x64.Build.0 = Debug|x64
		{5C303429-F41E-4DC6-A8E4-851160C6143B}.Debug|x86.ActiveCfg = Debug|Win32
		{5C303429-F41E-4DC6-A8E4-851160C6143B}.Debug|x86.Build.0 = Debug|Win32
		{5C303429-F41E-4DC6-A8E4-851160C6143B}.Release|x64.ActiveCfg = Release|x64
		{5C303429-F41E-4DC6-A8E4-851160C6143B}.Release|x64.Build.0 = Release|x64
		{5C303429-F41E-4DC6-A8E4-851160C6143B}.Release|x86.ActiveCfg = Release|Win32
		{5C303429-F41E-4DC6-A8E4-851160C6143B}.Release|x86.Build.0 = Release|Win32
	EndGlobalSection
	GlobalSection(SolutionProperties) = preSolution
		HideSolutionNode = FALSE
	EndGlobalSection
	GlobalSection(ExtensibilityGlobals) = postSolution
		SolutionGuid = {7C33E7C7-BE17-4371-AA7C-0F81F03E7765}
	EndGlobalSection
EndGlobal
